
Microsoft Visual Studio Solution File, Format Version 12.00
# Visual Studio 15
Project("{FAE04EC0-301F-11D3-BF4B-00C04F79EFBC}") = "Assembly-CSharp", "Assembly-CSharp.csproj", "{B56AB5BB-C661-AF6F-71CB-78513842973C}"
EndProject
Project("{FAE04EC0-301F-11D3-BF4B-00C04F79EFBC}") = "Assembly-CSharp-Editor", "Assembly-CSharp-Editor.csproj", "{8876B188-52B4-0C1B-14E2-855B8846FF54}"
EndProject
Global
	GlobalSection(SolutionConfigurationPlatforms) = preSolution
		Debug|Any CPU = Debug|Any CPU
		Release|Any CPU = Release|Any CPU
	EndGlobalSection
	GlobalSection(ProjectConfigurationPlatforms) = postSolution
		{B56AB5BB-C661-AF6F-71CB-78513842973C}.Debug|Any CPU.ActiveCfg = Debug|Any CPU
		{B56AB5BB-C661-AF6F-71CB-78513842973C}.Debug|Any CPU.Build.0 = Debug|Any CPU
		{B56AB5BB-C661-AF6F-71CB-78513842973C}.Release|Any CPU.ActiveCfg = Release|Any CPU
		{B56AB5BB-C661-AF6F-71CB-78513842973C}.Release|Any CPU.Build.0 = Release|Any CPU
		{8876B188-52B4-0C1B-14E2-855B8846FF54}.Debug|Any CPU.ActiveCfg = Debug|Any CPU
		{8876B188-52B4-0C1B-14E2-855B8846FF54}.Debug|Any CPU.Build.0 = Debug|Any CPU
		{8876B188-52B4-0C1B-14E2-855B8846FF54}.Release|Any CPU.ActiveCfg = Release|Any CPU
		{8876B188-52B4-0C1B-14E2-855B8846FF54}.Release|Any CPU.Build.0 = Release|Any CPU
	EndGlobalSection
	GlobalSection(SolutionProperties) = preSolution
		HideSolutionNode = FALSE
	EndGlobalSection
EndGlobal
